// !$*UTF8*$!
{
	archiveVersion = 1;
	classes = {
	};
	objectVersion = 56;
	objects = {

/* Begin PBXBuildFile section */
		D069C6312D45B3270077B56C /* weatherappApp.swift in Sources */ = {isa = PBXBuildFile; fileRef = D069C6302D45B3270077B56C /* weatherappApp.swift */; };
		D069C6352D45B32A0077B56C /* Assets.xcassets in Resources */ = {isa = PBXBuildFile; fileRef = D069C6342D45B32A0077B56C /* Assets.xcassets */; };
		D069C6382D45B32A0077B56C /* Preview Assets.xcassets in Resources */ = {isa = PBXBuildFile; fileRef = D069C6372D45B32A0077B56C /* Preview Assets.xcassets */; };
		D069C6422D45B32A0077B56C /* weatherappTests.swift in Sources */ = {isa = PBXBuildFile; fileRef = D069C6412D45B32A0077B56C /* weatherappTests.swift */; };
		D069C64C2D45B32A0077B56C /* weatherappUITests.swift in Sources */ = {isa = PBXBuildFile; fileRef = D069C64B2D45B32A0077B56C /* weatherappUITests.swift */; };
		D069C64E2D45B32A0077B56C /* weatherappUITestsLaunchTests.swift in Sources */ = {isa = PBXBuildFile; fileRef = D069C64D2D45B32A0077B56C /* weatherappUITestsLaunchTests.swift */; };
		D069C65B2D45B7A50077B56C /* PiWeatherView.swift in Sources */ = {isa = PBXBuildFile; fileRef = D069C65A2D45B7A50077B56C /* PiWeatherView.swift */; };
		D069C65D2D45E1BE0077B56C /* mainView.swift in Sources */ = {isa = PBXBuildFile; fileRef = D069C65C2D45E1BE0077B56C /* mainView.swift */; };
		D069C6602D46E8330077B56C /* MongoSwift in Frameworks */ = {isa = PBXBuildFile; productRef = D069C65F2D46E8330077B56C /* MongoSwift */; };
		D069C6622D46E8330077B56C /* MongoSwiftSync in Frameworks */ = {isa = PBXBuildFile; productRef = D069C6612D46E8330077B56C /* MongoSwiftSync */; };
		D069C6642D46E86F0077B56C /* weatherViewModel.swift in Sources */ = {isa = PBXBuildFile; fileRef = D069C6632D46E86F0077B56C /* weatherViewModel.swift */; };
/* End PBXBuildFile section */

/* Begin PBXContainerItemProxy section */
		D069C63E2D45B32A0077B56C /* PBXContainerItemProxy */ = {
			isa = PBXContainerItemProxy;
			containerPortal = D069C6252D45B3270077B56C /* Project object */;
			proxyType = 1;
			remoteGlobalIDString = D069C62C2D45B3270077B56C;
			remoteInfo = weatherapp;
		};
		D069C6482D45B32A0077B56C /* PBXContainerItemProxy */ = {
			isa = PBXContainerItemProxy;
			containerPortal = D069C6252D45B3270077B56C /* Project object */;
			proxyType = 1;
			remoteGlobalIDString = D069C62C2D45B3270077B56C;
			remoteInfo = weatherapp;
		};
/* End PBXContainerItemProxy section */

/* Begin PBXFileReference section */
		D069C62D2D45B3270077B56C /* weatherapp.app */ = {isa = PBXFileReference; explicitFileType = wrapper.application; includeInIndex = 0; path = weatherapp.app; sourceTree = BUILT_PRODUCTS_DIR; };
		D069C6302D45B3270077B56C /* weatherappApp.swift */ = {isa = PBXFileReference; lastKnownFileType = sourcecode.swift; path = weatherappApp.swift; sourceTree = "<group>"; };
		D069C6342D45B32A0077B56C /* Assets.xcassets */ = {isa = PBXFileReference; lastKnownFileType = folder.assetcatalog; path = Assets.xcassets; sourceTree = "<group>"; };
		D069C6372D45B32A0077B56C /* Preview Assets.xcassets */ = {isa = PBXFileReference; lastKnownFileType = folder.assetcatalog; path = "Preview Assets.xcassets"; sourceTree = "<group>"; };
		D069C63D2D45B32A0077B56C /* weatherappTests.xctest */ = {isa = PBXFileReference; explicitFileType = wrapper.cfbundle; includeInIndex = 0; path = weatherappTests.xctest; sourceTree = BUILT_PRODUCTS_DIR; };
		D069C6412D45B32A0077B56C /* weatherappTests.swift */ = {isa = PBXFileReference; lastKnownFileType = sourcecode.swift; path = weatherappTests.swift; sourceTree = "<group>"; };
		D069C6472D45B32A0077B56C /* weatherappUITests.xctest */ = {isa = PBXFileReference; explicitFileType = wrapper.cfbundle; includeInIndex = 0; path = weatherappUITests.xctest; sourceTree = BUILT_PRODUCTS_DIR; };
		D069C64B2D45B32A0077B56C /* weatherappUITests.swift */ = {isa = PBXFileReference; lastKnownFileType = sourcecode.swift; path = weatherappUITests.swift; sourceTree = "<group>"; };
		D069C64D2D45B32A0077B56C /* weatherappUITestsLaunchTests.swift */ = {isa = PBXFileReference; lastKnownFileType = sourcecode.swift; path = weatherappUITestsLaunchTests.swift; sourceTree = "<group>"; };
		D069C65A2D45B7A50077B56C /* PiWeatherView.swift */ = {isa = PBXFileReference; lastKnownFileType = sourcecode.swift; path = PiWeatherView.swift; sourceTree = "<group>"; };
		D069C65C2D45E1BE0077B56C /* mainView.swift */ = {isa = PBXFileReference; lastKnownFileType = sourcecode.swift; path = mainView.swift; sourceTree = "<group>"; };
		D069C6632D46E86F0077B56C /* weatherViewModel.swift */ = {isa = PBXFileReference; lastKnownFileType = sourcecode.swift; path = weatherViewModel.swift; sourceTree = "<group>"; };
/* End PBXFileReference section */

/* Begin PBXFrameworksBuildPhase section */
		D069C62A2D45B3270077B56C /* Frameworks */ = {
			isa = PBXFrameworksBuildPhase;
			buildActionMask = 2147483647;
			files = (
				D069C6622D46E8330077B56C /* MongoSwiftSync in Frameworks */,
				D069C6602D46E8330077B56C /* MongoSwift in Frameworks */,
			);
			runOnlyForDeploymentPostprocessing = 0;
		};
		D069C63A2D45B32A0077B56C /* Frameworks */ = {
			isa = PBXFrameworksBuildPhase;
			buildActionMask = 2147483647;
			files = (
			);
			runOnlyForDeploymentPostprocessing = 0;
		};
		D069C6442D45B32A0077B56C /* Frameworks */ = {
			isa = PBXFrameworksBuildPhase;
			buildActionMask = 2147483647;
			files = (
			);
			runOnlyForDeploymentPostprocessing = 0;
		};
/* End PBXFrameworksBuildPhase section */

/* Begin PBXGroup section */
		D069C6242D45B3270077B56C = {
			isa = PBXGroup;
			children = (
				D069C62F2D45B3270077B56C /* weatherapp */,
				D069C6402D45B32A0077B56C /* weatherappTests */,
				D069C64A2D45B32A0077B56C /* weatherappUITests */,
				D069C62E2D45B3270077B56C /* Products */,
			);
			sourceTree = "<group>";
		};
		D069C62E2D45B3270077B56C /* Products */ = {
			isa = PBXGroup;
			children = (
				D069C62D2D45B3270077B56C /* weatherapp.app */,
				D069C63D2D45B32A0077B56C /* weatherappTests.xctest */,
				D069C6472D45B32A0077B56C /* weatherappUITests.xctest */,
			);
			name = Products;
			sourceTree = "<group>";
		};
		D069C62F2D45B3270077B56C /* weatherapp */ = {
			isa = PBXGroup;
			children = (
				D069C6302D45B3270077B56C /* weatherappApp.swift */,
				D069C6342D45B32A0077B56C /* Assets.xcassets */,
				D069C6362D45B32A0077B56C /* Preview Content */,
				D069C65A2D45B7A50077B56C /* PiWeatherView.swift */,
				D069C65C2D45E1BE0077B56C /* mainView.swift */,
				D069C6632D46E86F0077B56C /* weatherViewModel.swift */,
			);
			path = weatherapp;
			sourceTree = "<group>";
		};
		D069C6362D45B32A0077B56C /* Preview Content */ = {
			isa = PBXGroup;
			children = (
				D069C6372D45B32A0077B56C /* Preview Assets.xcassets */,
			);
			path = "Preview Content";
			sourceTree = "<group>";
		};
		D069C6402D45B32A0077B56C /* weatherappTests */ = {
			isa = PBXGroup;
			children = (
				D069C6412D45B32A0077B56C /* weatherappTests.swift */,
			);
			path = weatherappTests;
			sourceTree = "<group>";
		};
		D069C64A2D45B32A0077B56C /* weatherappUITests */ = {
			isa = PBXGroup;
			children = (
				D069C64B2D45B32A0077B56C /* weatherappUITests.swift */,
				D069C64D2D45B32A0077B56C /* weatherappUITestsLaunchTests.swift */,
			);
			path = weatherappUITests;
			sourceTree = "<group>";
		};
/* End PBXGroup section */

/* Begin PBXNativeTarget section */
		D069C62C2D45B3270077B56C /* weatherapp */ = {
			isa = PBXNativeTarget;
			buildConfigurationList = D069C6512D45B32A0077B56C /* Build configuration list for PBXNativeTarget "weatherapp" */;
			buildPhases = (
				D069C6292D45B3270077B56C /* Sources */,
				D069C62A2D45B3270077B56C /* Frameworks */,
				D069C62B2D45B3270077B56C /* Resources */,
			);
			buildRules = (
			);
			dependencies = (
			);
			name = weatherapp;
			packageProductDependencies = (
				D069C65F2D46E8330077B56C /* MongoSwift */,
				D069C6612D46E8330077B56C /* MongoSwiftSync */,
			);
			productName = weatherapp;
			productReference = D069C62D2D45B3270077B56C /* weatherapp.app */;
			productType = "com.apple.product-type.application";
		};
		D069C63C2D45B32A0077B56C /* weatherappTests */ = {
			isa = PBXNativeTarget;
			buildConfigurationList = D069C6542D45B32A0077B56C /* Build configuration list for PBXNativeTarget "weatherappTests" */;
			buildPhases = (
				D069C6392D45B32A0077B56C /* Sources */,
				D069C63A2D45B32A0077B56C /* Frameworks */,
				D069C63B2D45B32A0077B56C /* Resources */,
			);
			buildRules = (
			);
			dependencies = (
				D069C63F2D45B32A0077B56C /* PBXTargetDependency */,
			);
			name = weatherappTests;
			productName = weatherappTests;
			productReference = D069C63D2D45B32A0077B56C /* weatherappTests.xctest */;
			productType = "com.apple.product-type.bundle.unit-test";
		};
		D069C6462D45B32A0077B56C /* weatherappUITests */ = {
			isa = PBXNativeTarget;
			buildConfigurationList = D069C6572D45B32A0077B56C /* Build configuration list for PBXNativeTarget "weatherappUITests" */;
			buildPhases = (
				D069C6432D45B32A0077B56C /* Sources */,
				D069C6442D45B32A0077B56C /* Frameworks */,
				D069C6452D45B32A0077B56C /* Resources */,
			);
			buildRules = (
			);
			dependencies = (
				D069C6492D45B32A0077B56C /* PBXTargetDependency */,
			);
			name = weatherappUITests;
			productName = weatherappUITests;
			productReference = D069C6472D45B32A0077B56C /* weatherappUITests.xctest */;
			productType = "com.apple.product-type.bundle.ui-testing";
		};
/* End PBXNativeTarget section */

/* Begin PBXProject section */
		D069C6252D45B3270077B56C /* Project object */ = {
			isa = PBXProject;
			attributes = {
				BuildIndependentTargetsInParallel = 1;
				LastSwiftUpdateCheck = 1520;
				LastUpgradeCheck = 1520;
				TargetAttributes = {
					D069C62C2D45B3270077B56C = {
						CreatedOnToolsVersion = 15.2;
					};
					D069C63C2D45B32A0077B56C = {
						CreatedOnToolsVersion = 15.2;
						TestTargetID = D069C62C2D45B3270077B56C;
					};
					D069C6462D45B32A0077B56C = {
						CreatedOnToolsVersion = 15.2;
						TestTargetID = D069C62C2D45B3270077B56C;
					};
				};
			};
			buildConfigurationList = D069C6282D45B3270077B56C /* Build configuration list for PBXProject "weatherapp" */;
			compatibilityVersion = "Xcode 14.0";
			developmentRegion = en;
			hasScannedForEncodings = 0;
			knownRegions = (
				en,
				Base,
			);
			mainGroup = D069C6242D45B3270077B56C;
			packageReferences = (
				D069C65E2D46E8330077B56C /* XCRemoteSwiftPackageReference "mongo-swift-driver" */,
			);
			productRefGroup = D069C62E2D45B3270077B56C /* Products */;
			projectDirPath = "";
			projectRoot = "";
			targets = (
				D069C62C2D45B3270077B56C /* weatherapp */,
				D069C63C2D45B32A0077B56C /* weatherappTests */,
				D069C6462D45B32A0077B56C /* weatherappUITests */,
			);
		};
/* End PBXProject section */

/* Begin PBXResourcesBuildPhase section */
		D069C62B2D45B3270077B56C /* Resources */ = {
			isa = PBXResourcesBuildPhase;
			buildActionMask = 2147483647;
			files = (
				D069C6382D45B32A0077B56C /* Preview Assets.xcassets in Resources */,
				D069C6352D45B32A0077B56C /* Assets.xcassets in Resources */,
			);
			runOnlyForDeploymentPostprocessing = 0;
		};
		D069C63B2D45B32A0077B56C /* Resources */ = {
			isa = PBXResourcesBuildPhase;
			buildActionMask = 2147483647;
			files = (
			);
			runOnlyForDeploymentPostprocessing = 0;
		};
		D069C6452D45B32A0077B56C /* Resources */ = {
			isa = PBXResourcesBuildPhase;
			buildActionMask = 2147483647;
			files = (
			);
			runOnlyForDeploymentPostprocessing = 0;
		};
/* End PBXResourcesBuildPhase section */

/* Begin PBXSourcesBuildPhase section */
		D069C6292D45B3270077B56C /* Sources */ = {
			isa = PBXSourcesBuildPhase;
			buildActionMask = 2147483647;
			files = (
				D069C65B2D45B7A50077B56C /* PiWeatherView.swift in Sources */,
				D069C6642D46E86F0077B56C /* weatherViewModel.swift in Sources */,
				D069C6312D45B3270077B56C /* weatherappApp.swift in Sources */,
				D069C65D2D45E1BE0077B56C /* mainView.swift in Sources */,
			);
			runOnlyForDeploymentPostprocessing = 0;
		};
		D069C6392D45B32A0077B56C /* Sources */ = {
			isa = PBXSourcesBuildPhase;
			buildActionMask = 2147483647;
			files = (
				D069C6422D45B32A0077B56C /* weatherappTests.swift in Sources */,
			);
			runOnlyForDeploymentPostprocessing = 0;
		};
		D069C6432D45B32A0077B56C /* Sources */ = {
			isa = PBXSourcesBuildPhase;
			buildActionMask = 2147483647;
			files = (
				D069C64C2D45B32A0077B56C /* weatherappUITests.swift in Sources */,
				D069C64E2D45B32A0077B56C /* weatherappUITestsLaunchTests.swift in Sources */,
			);
			runOnlyForDeploymentPostprocessing = 0;
		};
/* End PBXSourcesBuildPhase section */

/* Begin PBXTargetDependency section */
		D069C63F2D45B32A0077B56C /* PBXTargetDependency */ = {
			isa = PBXTargetDependency;
			target = D069C62C2D45B3270077B56C /* weatherapp */;
			targetProxy = D069C63E2D45B32A0077B56C /* PBXContainerItemProxy */;
		};
		D069C6492D45B32A0077B56C /* PBXTargetDependency */ = {
			isa = PBXTargetDependency;
			target = D069C62C2D45B3270077B56C /* weatherapp */;
			targetProxy = D069C6482D45B32A0077B56C /* PBXContainerItemProxy */;
		};
/* End PBXTargetDependency section */

/* Begin XCBuildConfiguration section */
		D069C64F2D45B32A0077B56C /* Debug */ = {
			isa = XCBuildConfiguration;
			buildSettings = {
				ALWAYS_SEARCH_USER_PATHS = NO;
				ASSETCATALOG_COMPILER_GENERATE_SWIFT_ASSET_SYMBOL_EXTENSIONS = YES;
				CLANG_ANALYZER_NONNULL = YES;
				CLANG_ANALYZER_NUMBER_OBJECT_CONVERSION = YES_AGGRESSIVE;
				CLANG_CXX_LANGUAGE_STANDARD = "gnu++20";
				CLANG_ENABLE_MODULES = YES;
				CLANG_ENABLE_OBJC_ARC = YES;
				CLANG_ENABLE_OBJC_WEAK = YES;
				CLANG_WARN_BLOCK_CAPTURE_AUTORELEASING = YES;
				CLANG_WARN_BOOL_CONVERSION = YES;
				CLANG_WARN_COMMA = YES;
				CLANG_WARN_CONSTANT_CONVERSION = YES;
				CLANG_WARN_DEPRECATED_OBJC_IMPLEMENTATIONS = YES;
				CLANG_WARN_DIRECT_OBJC_ISA_USAGE = YES_ERROR;
				CLANG_WARN_DOCUMENTATION_COMMENTS = YES;
				CLANG_WARN_EMPTY_BODY = YES;
				CLANG_WARN_ENUM_CONVERSION = YES;
				CLANG_WARN_INFINITE_RECURSION = YES;
				CLANG_WARN_INT_CONVERSION = YES;
				CLANG_WARN_NON_LITERAL_NULL_CONVERSION = YES;
				CLANG_WARN_OBJC_IMPLICIT_RETAIN_SELF = YES;
				CLANG_WARN_OBJC_LITERAL_CONVERSION = YES;
				CLANG_WARN_OBJC_ROOT_CLASS = YES_ERROR;
				CLANG_WARN_QUOTED_INCLUDE_IN_FRAMEWORK_HEADER = YES;
				CLANG_WARN_RANGE_LOOP_ANALYSIS = YES;
				CLANG_WARN_STRICT_PROTOTYPES = YES;
				CLANG_WARN_SUSPICIOUS_MOVE = YES;
				CLANG_WARN_UNGUARDED_AVAILABILITY = YES_AGGRESSIVE;
				CLANG_WARN_UNREACHABLE_CODE = YES;
				CLANG_WARN__DUPLICATE_METHOD_MATCH = YES;
				COPY_PHASE_STRIP = NO;
				DEBUG_INFORMATION_FORMAT = dwarf;
				ENABLE_STRICT_OBJC_MSGSEND = YES;
				ENABLE_TESTABILITY = YES;
				ENABLE_USER_SCRIPT_SANDBOXING = YES;
				GCC_C_LANGUAGE_STANDARD = gnu17;
				GCC_DYNAMIC_NO_PIC = NO;
				GCC_NO_COMMON_BLOCKS = YES;
				GCC_OPTIMIZATION_LEVEL = 0;
				GCC_PREPROCESSOR_DEFINITIONS = (
					"DEBUG=1",
					"$(inherited)",
				);
				GCC_WARN_64_TO_32_BIT_CONVERSION = YES;
				GCC_WARN_ABOUT_RETURN_TYPE = YES_ERROR;
				GCC_WARN_UNDECLARED_SELECTOR = YES;
				GCC_WARN_UNINITIALIZED_AUTOS = YES_AGGRESSIVE;
				GCC_WARN_UNUSED_FUNCTION = YES;
				GCC_WARN_UNUSED_VARIABLE = YES;
				IPHONEOS_DEPLOYMENT_TARGET = 17.2;
				LOCALIZATION_PREFERS_STRING_CATALOGS = YES;
				MTL_ENABLE_DEBUG_INFO = INCLUDE_SOURCE;
				MTL_FAST_MATH = YES;
				ONLY_ACTIVE_ARCH = YES;
				SDKROOT = iphoneos;
				SWIFT_ACTIVE_COMPILATION_CONDITIONS = "DEBUG $(inherited)";
				SWIFT_OPTIMIZATION_LEVEL = "-Onone";
			};
			name = Debug;
		};
		D069C6502D45B32A0077B56C /* Release */ = {
			isa = XCBuildConfiguration;
			buildSettings = {
				ALWAYS_SEARCH_USER_PATHS = NO;
				ASSETCATALOG_COMPILER_GENERATE_SWIFT_ASSET_SYMBOL_EXTENSIONS = YES;
				CLANG_ANALYZER_NONNULL = YES;
				CLANG_ANALYZER_NUMBER_OBJECT_CONVERSION = YES_AGGRESSIVE;
				CLANG_CXX_LANGUAGE_STANDARD = "gnu++20";
				CLANG_ENABLE_MODULES = YES;
				CLANG_ENABLE_OBJC_ARC = YES;
				CLANG_ENABLE_OBJC_WEAK = YES;
				CLANG_WARN_BLOCK_CAPTURE_AUTORELEASING = YES;
				CLANG_WARN_BOOL_CONVERSION = YES;
				CLANG_WARN_COMMA = YES;
				CLANG_WARN_CONSTANT_CONVERSION = YES;
				CLANG_WARN_DEPRECATED_OBJC_IMPLEMENTATIONS = YES;
				CLANG_WARN_DIRECT_OBJC_ISA_USAGE = YES_ERROR;
				CLANG_WARN_DOCUMENTATION_COMMENTS = YES;
				CLANG_WARN_EMPTY_BODY = YES;
				CLANG_WARN_ENUM_CONVERSION = YES;
				CLANG_WARN_INFINITE_RECURSION = YES;
				CLANG_WARN_INT_CONVERSION = YES;
				CLANG_WARN_NON_LITERAL_NULL_CONVERSION = YES;
				CLANG_WARN_OBJC_IMPLICIT_RETAIN_SELF = YES;
				CLANG_WARN_OBJC_LITERAL_CONVERSION = YES;
				CLANG_WARN_OBJC_ROOT_CLASS = YES_ERROR;
				CLANG_WARN_QUOTED_INCLUDE_IN_FRAMEWORK_HEADER = YES;
				CLANG_WARN_RANGE_LOOP_ANALYSIS = YES;
				CLANG_WARN_STRICT_PROTOTYPES = YES;
				CLANG_WARN_SUSPICIOUS_MOVE = YES;
				CLANG_WARN_UNGUARDED_AVAILABILITY = YES_AGGRESSIVE;
				CLANG_WARN_UNREACHABLE_CODE = YES;
				CLANG_WARN__DUPLICATE_METHOD_MATCH = YES;
				COPY_PHASE_STRIP = NO;
				DEBUG_INFORMATION_FORMAT = "dwarf-with-dsym";
				ENABLE_NS_ASSERTIONS = NO;
				ENABLE_STRICT_OBJC_MSGSEND = YES;
				ENABLE_USER_SCRIPT_SANDBOXING = YES;
				GCC_C_LANGUAGE_STANDARD = gnu17;
				GCC_NO_COMMON_BLOCKS = YES;
				GCC_WARN_64_TO_32_BIT_CONVERSION = YES;
				GCC_WARN_ABOUT_RETURN_TYPE = YES_ERROR;
				GCC_WARN_UNDECLARED_SELECTOR = YES;
				GCC_WARN_UNINITIALIZED_AUTOS = YES_AGGRESSIVE;
				GCC_WARN_UNUSED_FUNCTION = YES;
				GCC_WARN_UNUSED_VARIABLE = YES;
				IPHONEOS_DEPLOYMENT_TARGET = 17.2;
				LOCALIZATION_PREFERS_STRING_CATALOGS = YES;
				MTL_ENABLE_DEBUG_INFO = NO;
				MTL_FAST_MATH = YES;
				SDKROOT = iphoneos;
				SWIFT_COMPILATION_MODE = wholemodule;
				VALIDATE_PRODUCT = YES;
			};
			name = Release;
		};
		D069C6522D45B32A0077B56C /* Debug */ = {
			isa = XCBuildConfiguration;
			buildSettings = {
				ASSETCATALOG_COMPILER_APPICON_NAME = AppIcon;
				ASSETCATALOG_COMPILER_GLOBAL_ACCENT_COLOR_NAME = AccentColor;
				CODE_SIGN_STYLE = Automatic;
				CURRENT_PROJECT_VERSION = 1;
				DEVELOPMENT_ASSET_PATHS = "\"weatherapp/Preview Content\"";
				ENABLE_PREVIEWS = YES;
				GENERATE_INFOPLIST_FILE = YES;
				INFOPLIST_KEY_UIApplicationSceneManifest_Generation = YES;
				INFOPLIST_KEY_UIApplicationSupportsIndirectInputEvents = YES;
				INFOPLIST_KEY_UILaunchScreen_Generation = YES;
				INFOPLIST_KEY_UISupportedInterfaceOrientations_iPad = "UIInterfaceOrientationPortrait UIInterfaceOrientationPortraitUpsideDown UIInterfaceOrientationLandscapeLeft UIInterfaceOrientationLandscapeRight";
				INFOPLIST_KEY_UISupportedInterfaceOrientations_iPhone = "UIInterfaceOrientationPortrait UIInterfaceOrientationLandscapeLeft UIInterfaceOrientationLandscapeRight";
				LD_RUNPATH_SEARCH_PATHS = (
					"$(inherited)",
					"@executable_path/Frameworks",
				);
				MARKETING_VERSION = 1.0;
				PRODUCT_BUNDLE_IDENTIFIER = pavi.weatherapp;
				PRODUCT_NAME = "$(TARGET_NAME)";
				SWIFT_EMIT_LOC_STRINGS = YES;
				SWIFT_VERSION = 5.0;
				TARGETED_DEVICE_FAMILY = "1,2";
			};
			name = Debug;
		};
		D069C6532D45B32A0077B56C /* Release */ = {
			isa = XCBuildConfiguration;
			buildSettings = {
				ASSETCATALOG_COMPILER_APPICON_NAME = AppIcon;
				ASSETCATALOG_COMPILER_GLOBAL_ACCENT_COLOR_NAME = AccentColor;
				CODE_SIGN_STYLE = Automatic;
				CURRENT_PROJECT_VERSION = 1;
				DEVELOPMENT_ASSET_PATHS = "\"weatherapp/Preview Content\"";
				ENABLE_PREVIEWS = YES;
				GENERATE_INFOPLIST_FILE = YES;
				INFOPLIST_KEY_UIApplicationSceneManifest_Generation = YES;
				INFOPLIST_KEY_UIApplicationSupportsIndirectInputEvents = YES;
				INFOPLIST_KEY_UILaunchScreen_Generation = YES;
				INFOPLIST_KEY_UISupportedInterfaceOrientations_iPad = "UIInterfaceOrientationPortrait UIInterfaceOrientationPortraitUpsideDown UIInterfaceOrientationLandscapeLeft UIInterfaceOrientationLandscapeRight";
				INFOPLIST_KEY_UISupportedInterfaceOrientations_iPhone = "UIInterfaceOrientationPortrait UIInterfaceOrientationLandscapeLeft UIInterfaceOrientationLandscapeRight";
				LD_RUNPATH_SEARCH_PATHS = (
					"$(inherited)",
					"@executable_path/Frameworks",
				);
				MARKETING_VERSION = 1.0;
				PRODUCT_BUNDLE_IDENTIFIER = pavi.weatherapp;
				PRODUCT_NAME = "$(TARGET_NAME)";
				SWIFT_EMIT_LOC_STRINGS = YES;
				SWIFT_VERSION = 5.0;
				TARGETED_DEVICE_FAMILY = "1,2";
			};
			name = Release;
		};
		D069C6552D45B32A0077B56C /* Debug */ = {
			isa = XCBuildConfiguration;
			buildSettings = {
				ALWAYS_EMBED_SWIFT_STANDARD_LIBRARIES = YES;
				BUNDLE_LOADER = "$(TEST_HOST)";
				CODE_SIGN_STYLE = Automatic;
				CURRENT_PROJECT_VERSION = 1;
				GENERATE_INFOPLIST_FILE = YES;
				IPHONEOS_DEPLOYMENT_TARGET = 17.2;
				MARKETING_VERSION = 1.0;
				PRODUCT_BUNDLE_IDENTIFIER = pavi.weatherappTests;
				PRODUCT_NAME = "$(TARGET_NAME)";
				SWIFT_EMIT_LOC_STRINGS = NO;
				SWIFT_VERSION = 5.0;
				TARGETED_DEVICE_FAMILY = "1,2";
				TEST_HOST = "$(BUILT_PRODUCTS_DIR)/weatherapp.app/$(BUNDLE_EXECUTABLE_FOLDER_PATH)/weatherapp";
			};
			name = Debug;
		};
		D069C6562D45B32A0077B56C /* Release */ = {
			isa = XCBuildConfiguration;
			buildSettings = {
				ALWAYS_EMBED_SWIFT_STANDARD_LIBRARIES = YES;
				BUNDLE_LOADER = "$(TEST_HOST)";
				CODE_SIGN_STYLE = Automatic;
				CURRENT_PROJECT_VERSION = 1;
				GENERATE_INFOPLIST_FILE = YES;
				IPHONEOS_DEPLOYMENT_TARGET = 17.2;
				MARKETING_VERSION = 1.0;
				PRODUCT_BUNDLE_IDENTIFIER = pavi.weatherappTests;
				PRODUCT_NAME = "$(TARGET_NAME)";
				SWIFT_EMIT_LOC_STRINGS = NO;
				SWIFT_VERSION = 5.0;
				TARGETED_DEVICE_FAMILY = "1,2";
				TEST_HOST = "$(BUILT_PRODUCTS_DIR)/weatherapp.app/$(BUNDLE_EXECUTABLE_FOLDER_PATH)/weatherapp";
			};
			name = Release;
		};
		D069C6582D45B32A0077B56C /* Debug */ = {
			isa = XCBuildConfiguration;
			buildSettings = {
				ALWAYS_EMBED_SWIFT_STANDARD_LIBRARIES = YES;
				CODE_SIGN_STYLE = Automatic;
				CURRENT_PROJECT_VERSION = 1;
				GENERATE_INFOPLIST_FILE = YES;
				MARKETING_VERSION = 1.0;
				PRODUCT_BUNDLE_IDENTIFIER = pavi.weatherappUITests;
				PRODUCT_NAME = "$(TARGET_NAME)";
				SWIFT_EMIT_LOC_STRINGS = NO;
				SWIFT_VERSION = 5.0;
				TARGETED_DEVICE_FAMILY = "1,2";
				TEST_TARGET_NAME = weatherapp;
			};
			name = Debug;
		};
		D069C6592D45B32A0077B56C /* Release */ = {
			isa = XCBuildConfiguration;
			buildSettings = {
				ALWAYS_EMBED_SWIFT_STANDARD_LIBRARIES = YES;
				CODE_SIGN_STYLE = Automatic;
				CURRENT_PROJECT_VERSION = 1;
				GENERATE_INFOPLIST_FILE = YES;
				MARKETING_VERSION = 1.0;
				PRODUCT_BUNDLE_IDENTIFIER = pavi.weatherappUITests;
				PRODUCT_NAME = "$(TARGET_NAME)";
				SWIFT_EMIT_LOC_STRINGS = NO;
				SWIFT_VERSION = 5.0;
				TARGETED_DEVICE_FAMILY = "1,2";
				TEST_TARGET_NAME = weatherapp;
			};
			name = Release;
		};
/* End XCBuildConfiguration section */

/* Begin XCConfigurationList section */
		D069C6282D45B3270077B56C /* Build configuration list for PBXProject "weatherapp" */ = {
			isa = XCConfigurationList;
			buildConfigurations = (
				D069C64F2D45B32A0077B56C /* Debug */,
				D069C6502D45B32A0077B56C /* Release */,
			);
			defaultConfigurationIsVisible = 0;
			defaultConfigurationName = Release;
		};
		D069C6512D45B32A0077B56C /* Build configuration list for PBXNativeTarget "weatherapp" */ = {
			isa = XCConfigurationList;
			buildConfigurations = (
				D069C6522D45B32A0077B56C /* Debug */,
				D069C6532D45B32A0077B56C /* Release */,
			);
			defaultConfigurationIsVisible = 0;
			defaultConfigurationName = Release;
		};
		D069C6542D45B32A0077B56C /* Build configuration list for PBXNativeTarget "weatherappTests" */ = {
			isa = XCConfigurationList;
			buildConfigurations = (
				D069C6552D45B32A0077B56C /* Debug */,
				D069C6562D45B32A0077B56C /* Release */,
			);
			defaultConfigurationIsVisible = 0;
			defaultConfigurationName = Release;
		};
		D069C6572D45B32A0077B56C /* Build configuration list for PBXNativeTarget "weatherappUITests" */ = {
			isa = XCConfigurationList;
			buildConfigurations = (
				D069C6582D45B32A0077B56C /* Debug */,
				D069C6592D45B32A0077B56C /* Release */,
			);
			defaultConfigurationIsVisible = 0;
			defaultConfigurationName = Release;
		};
/* End XCConfigurationList section */

/* Begin XCRemoteSwiftPackageReference section */
		D069C65E2D46E8330077B56C /* XCRemoteSwiftPackageReference "mongo-swift-driver" */ = {
			isa = XCRemoteSwiftPackageReference;
			repositoryURL = "https://github.com/mongodb/mongo-swift-driver#installation";
			requirement = {
				branch = main;
				kind = branch;
			};
		};
/* End XCRemoteSwiftPackageReference section */

/* Begin XCSwiftPackageProductDependency section */
		D069C65F2D46E8330077B56C /* MongoSwift */ = {
			isa = XCSwiftPackageProductDependency;
			package = D069C65E2D46E8330077B56C /* XCRemoteSwiftPackageReference "mongo-swift-driver" */;
			productName = MongoSwift;
		};
		D069C6612D46E8330077B56C /* MongoSwiftSync */ = {
			isa = XCSwiftPackageProductDependency;
			package = D069C65E2D46E8330077B56C /* XCRemoteSwiftPackageReference "mongo-swift-driver" */;
			productName = MongoSwiftSync;
		};
/* End XCSwiftPackageProductDependency section */
	};
	rootObject = D069C6252D45B3270077B56C /* Project object */;
}
